
Microsoft Visual Studio Solution File, Format Version 12.00
# Visual Studio Version 17
VisualStudioVersion = 17.4.33205.214
MinimumVisualStudioVersion = 10.0.40219.1
Project("{FAE04EC0-301F-11D3-BF4B-00C04F79EFBC}") = "Kursach_TP_Core", "Kursach_TP_Core\Kursach_TP_Core.csproj", "{3DFB445B-5134-4646-89AA-4E57BD718555}"
EndProject
Global
	GlobalSection(SolutionConfigurationPlatforms) = preSolution
		Debug|Any CPU = Debug|Any CPU
		Release|Any CPU = Release|Any CPU
	EndGlobalSection
	GlobalSection(ProjectConfigurationPlatforms) = postSolution
		{3DFB445B-5134-4646-89AA-4E57BD718555}.Debug|Any CPU.ActiveCfg = Debug|Any CPU
		{3DFB445B-5134-4646-89AA-4E57BD718555}.Debug|Any CPU.Build.0 = Debug|Any CPU
		{3DFB445B-5134-4646-89AA-4E57BD718555}.Release|Any CPU.ActiveCfg = Release|Any CPU
		{3DFB445B-5134-4646-89AA-4E57BD718555}.Release|Any CPU.Build.0 = Release|Any CPU
	EndGlobalSection
	GlobalSection(SolutionProperties) = preSolution
		HideSolutionNode = FALSE
	EndGlobalSection
	GlobalSection(ExtensibilityGlobals) = postSolution
		SolutionGuid = {FFFCAA26-69B6-4F1C-A648-CFF08DD2DBBE}
	EndGlobalSection
EndGlobal
